
Microsoft Visual Studio Solution File, Format Version 12.00
# Visual Studio Version 17
VisualStudioVersion = 17.12.35707.178
MinimumVisualStudioVersion = 10.0.40219.1
Project("{FAE04EC0-301F-11D3-BF4B-00C04F79EFBC}") = "kursachPosuda", "kursachPosuda.csproj", "{5E3B8D18-F183-4B6E-94F1-9D2FDA391BEF}"
EndProject
Global
	GlobalSection(SolutionConfigurationPlatforms) = preSolution
		Debug|Any CPU = Debug|Any CPU
		Release|Any CPU = Release|Any CPU
	EndGlobalSection
	GlobalSection(ProjectConfigurationPlatforms) = postSolution
		{5E3B8D18-F183-4B6E-94F1-9D2FDA391BEF}.Debug|Any CPU.ActiveCfg = Debug|Any CPU
		{5E3B8D18-F183-4B6E-94F1-9D2FDA391BEF}.Debug|Any CPU.Build.0 = Debug|Any CPU
		{5E3B8D18-F183-4B6E-94F1-9D2FDA391BEF}.Release|Any CPU.ActiveCfg = Release|Any CPU
		{5E3B8D18-F183-4B6E-94F1-9D2FDA391BEF}.Release|Any CPU.Build.0 = Release|Any CPU
	EndGlobalSection
	GlobalSection(SolutionProperties) = preSolution
		HideSolutionNode = FALSE
	EndGlobalSection
EndGlobal
